
Microsoft Visual Studio Solution File, Format Version 12.00
# Visual Studio Version 17
VisualStudioVersion = 17.14.36414.22 d17.14
MinimumVisualStudioVersion = 10.0.40219.1
Project("{2150E333-8FDC-42A3-9474-1A3956D46DE8}") = "Task0", "Task0", "{02EA681E-C7D8-13C7-8484-4AC65E1B71E8}"
EndProject
Project("{FAE04EC0-301F-11D3-BF4B-00C04F79EFBC}") = "test", "test\test.csproj", "{1C7B288E-C710-4CAD-B7C6-74371C4E69D7}"
EndProject
Project("{FAE04EC0-301F-11D3-BF4B-00C04F79EFBC}") = "Tyuiu.KomkovAA.Sprint3.Task0.V25", "Tyuiu.KomkovAA.Sprint3.Task0.V25\Tyuiu.KomkovAA.Sprint3.Task0.V25.csproj", "{221B62A5-51BA-4EB7-A0D1-C8FEEDEC854D}"
EndProject
Project("{FAE04EC0-301F-11D3-BF4B-00C04F79EFBC}") = "Tyuiu.KomkovAA.Sprint3.Task0.V25.Lib", "Tyuiu.KomkovAA.Sprint3.Task0.V25.Lib\Tyuiu.KomkovAA.Sprint3.Task0.V25.Lib.csproj", "{17EE9683-5918-4791-AC7C-F9612270BC39}"
EndProject
Project("{FAE04EC0-301F-11D3-BF4B-00C04F79EFBC}") = "Tyuiu.KomkovAA.Sprint3.Task0.V25.Test", "Tyuiu.KomkovAA.Sprint3.Task0.V25.Test\Tyuiu.KomkovAA.Sprint3.Task0.V25.Test.csproj", "{03194B2B-F5FA-47A6-8F3A-60ECFE5F9310}"
EndProject
Project("{2150E333-8FDC-42A3-9474-1A3956D46DE8}") = "Task1", "Task1", "{53B18541-8561-4436-87B9-9821C1FC93B6}"
EndProject
Project("{FAE04EC0-301F-11D3-BF4B-00C04F79EFBC}") = "Tyuiu.KomkovAA.Sprint3.Task1.V9.Lib", "Tyuiu.KomkovAA.Sprint3.Task1.V9.Lib\Tyuiu.KomkovAA.Sprint3.Task1.V9.Lib.csproj", "{35E82BCA-3D0D-4691-B0CC-89C0049800CD}"
EndProject
Project("{FAE04EC0-301F-11D3-BF4B-00C04F79EFBC}") = "Tyuiu.KomkovAA.Sprint3.Task1.V9.Test", "Tyuiu.KomkovAA.Sprint3.Task1.V9.Test\Tyuiu.KomkovAA.Sprint3.Task1.V9.Test.csproj", "{0C7D1572-156F-4C1B-9A26-B68680DD767A}"
EndProject
Project("{FAE04EC0-301F-11D3-BF4B-00C04F79EFBC}") = "Tyuiu.KomkovAA.Sprint3.Task1.V9", "Tyuiu.KomkovAA.Sprint3.Task1.V9\Tyuiu.KomkovAA.Sprint3.Task1.V9.csproj", "{809A5DE7-1F12-4A0B-8D7E-06B4DDFBA6D0}"
EndProject
Project("{2150E333-8FDC-42A3-9474-1A3956D46DE8}") = "Task2", "Task2", "{32EADF45-D2E2-43EE-9A43-2CB79ED5B9E1}"
EndProject
Project("{FAE04EC0-301F-11D3-BF4B-00C04F79EFBC}") = "Tyuiu.KomkovAA.Sprint3.Task2.V27", "Tyuiu.KomkovAA.Sprint3.Task2.V27\Tyuiu.KomkovAA.Sprint3.Task2.V27.csproj", "{2DD8B318-D34B-4872-9998-41FCC29D2529}"
EndProject
Project("{FAE04EC0-301F-11D3-BF4B-00C04F79EFBC}") = "Tyuiu.KomkovAA.Sprint3.Task2.V27.Lib", "Tyuiu.KomkovAA.Sprint3.Task2.V27.Lib\Tyuiu.KomkovAA.Sprint3.Task2.V27.Lib.csproj", "{A2E364DF-F5F0-4709-A524-14C521D31827}"
EndProject
Project("{FAE04EC0-301F-11D3-BF4B-00C04F79EFBC}") = "Tyuiu.KomkovAA.Sprint3.Task2.V27.Test", "Tyuiu.KomkovAA.Sprint3.Task2.V27.Test\Tyuiu.KomkovAA.Sprint3.Task2.V27.Test.csproj", "{96AB70FE-DA72-4345-B201-DB9E4463CE8A}"
EndProject
Project("{2150E333-8FDC-42A3-9474-1A3956D46DE8}") = "Task3", "Task3", "{A9EA5BC8-2BE6-44D9-A7AE-6438A7EC75F7}"
EndProject
Project("{FAE04EC0-301F-11D3-BF4B-00C04F79EFBC}") = "Tyuiu.KomkovAA.Sprint3.Task3.V13", "Tyuiu.KomkovAA.Sprint3.Task3.V13\Tyuiu.KomkovAA.Sprint3.Task3.V13.csproj", "{836FC483-3D65-4D53-AE4A-342B56C616E7}"
EndProject
Project("{FAE04EC0-301F-11D3-BF4B-00C04F79EFBC}") = "Tyuiu.KomkovAA.Sprint3.Task3.V13.Lib", "Tyuiu.KomkovAA.Sprint3.Task3.V13.Lib\Tyuiu.KomkovAA.Sprint3.Task3.V13.Lib.csproj", "{48B9E4D9-72AB-4F81-9A34-2E7ADB03474A}"
EndProject
Project("{FAE04EC0-301F-11D3-BF4B-00C04F79EFBC}") = "Tyuiu.KomkovAA.Sprint3.Task3.V13.Test", "Tyuiu.KomkovAA.Sprint3.Task3.V13.Test\Tyuiu.KomkovAA.Sprint3.Task3.V13.Test.csproj", "{631A046D-6D51-4402-A692-72C5CA2938F9}"
EndProject
Project("{2150E333-8FDC-42A3-9474-1A3956D46DE8}") = "Task4", "Task4", "{3CFE1C43-D49A-4078-B872-EEA4DF225791}"
EndProject
Project("{FAE04EC0-301F-11D3-BF4B-00C04F79EFBC}") = "Tyuiu.KomkovAA.Sprint3.Task4.V23", "Tyuiu.KomkovAA.Sprint3.Task4.V23\Tyuiu.KomkovAA.Sprint3.Task4.V23.csproj", "{AD2CE791-579F-43ED-96B3-60EE9AF20F1D}"
EndProject
Project("{FAE04EC0-301F-11D3-BF4B-00C04F79EFBC}") = "Tyuiu.KomkovAA.Sprint3.Task4.V23.Lib", "Tyuiu.KomkovAA.Sprint3.Task4.V23.Lib\Tyuiu.KomkovAA.Sprint3.Task4.V23.Lib.csproj", "{9A5888DF-9FA7-4D8B-9806-9A97AC1A2EF2}"
EndProject
Project("{FAE04EC0-301F-11D3-BF4B-00C04F79EFBC}") = "Tyuiu.KomkovAA.Sprint3.Task4.V23.Test", "Tyuiu.KomkovAA.Sprint3.Task4.V23.Test\Tyuiu.KomkovAA.Sprint3.Task4.V23.Test.csproj", "{82C392FE-3218-413C-B07E-C08CD8D7995D}"
EndProject
Project("{2150E333-8FDC-42A3-9474-1A3956D46DE8}") = "Task5", "Task5", "{44A3D105-AF98-4D43-86F2-AFF1A53BD8AB}"
EndProject
Project("{FAE04EC0-301F-11D3-BF4B-00C04F79EFBC}") = "Tyuiu.KomkovAA.Sprint3.Task5.V27", "Tyuiu.KomkovAA.Sprint3.Task5.V27\Tyuiu.KomkovAA.Sprint3.Task5.V27.csproj", "{7DE17B6D-BF05-4DA6-8EFD-DF02F6760019}"
EndProject
Project("{FAE04EC0-301F-11D3-BF4B-00C04F79EFBC}") = "Tyuiu.KomkovAA.Sprint3.Task5.V27.Lib", "Tyuiu.KomkovAA.Sprint3.Task5.V27.Lib\Tyuiu.KomkovAA.Sprint3.Task5.V27.Lib.csproj", "{1BCF5AEA-E1D3-4584-8AEC-47AE5BE85D5A}"
EndProject
Project("{FAE04EC0-301F-11D3-BF4B-00C04F79EFBC}") = "Tyuiu.KomkovAA.Sprint3.Task5.V27.Test", "Tyuiu.KomkovAA.Sprint3.Task5.V27.Test\Tyuiu.KomkovAA.Sprint3.Task5.V27.Test.csproj", "{7E7A4411-50D6-4958-BCD4-62E33926667D}"
EndProject
Project("{2150E333-8FDC-42A3-9474-1A3956D46DE8}") = "Task6", "Task6", "{4858A7AF-5E36-465D-B439-56A45B5C0630}"
EndProject
Project("{FAE04EC0-301F-11D3-BF4B-00C04F79EFBC}") = "Tyuiu.KomkovAA.Sprint3.Task6.V11", "Tyuiu.KomkovAA.Sprint3.Task6.V11\Tyuiu.KomkovAA.Sprint3.Task6.V11.csproj", "{6C59E07F-9118-42DB-B37E-1C10BB7829DE}"
EndProject
Project("{FAE04EC0-301F-11D3-BF4B-00C04F79EFBC}") = "Tyuiu.KomkovAA.Sprint3.Task6.V11.Lib", "Tyuiu.KomkovAA.Sprint3.Task6.V11.Lib\Tyuiu.KomkovAA.Sprint3.Task6.V11.Lib.csproj", "{5C3087A9-C311-4986-84C3-B95F833B478A}"
EndProject
Project("{FAE04EC0-301F-11D3-BF4B-00C04F79EFBC}") = "Tyuiu.KomkovAA.Sprint3.Task6.V11.Test", "Tyuiu.KomkovAA.Sprint3.Task6.V11.Test\Tyuiu.KomkovAA.Sprint3.Task6.V11.Test.csproj", "{82F6207D-5683-4429-AE91-814E75B78B6B}"
EndProject
Project("{2150E333-8FDC-42A3-9474-1A3956D46DE8}") = "Task7", "Task7", "{D4745370-B402-4D20-A02E-85B80B7B41EF}"
EndProject
Project("{FAE04EC0-301F-11D3-BF4B-00C04F79EFBC}") = "Tyuiu.KomkovAA.Sprint3.Task7.V10", "Tyuiu.KomkovAA.Sprint3.Task7.V10\Tyuiu.KomkovAA.Sprint3.Task7.V10.csproj", "{D62BA929-5C66-488B-8640-98C36B900BC9}"
EndProject
Project("{FAE04EC0-301F-11D3-BF4B-00C04F79EFBC}") = "Tyuiu.KomkovAA.Sprint3.Task7.V10.Lib", "Tyuiu.KomkovAA.Sprint3.Task7.V10.Lib\Tyuiu.KomkovAA.Sprint3.Task7.V10.Lib.csproj", "{B419E469-867F-4CA8-8767-0C1A4059621C}"
EndProject
Project("{FAE04EC0-301F-11D3-BF4B-00C04F79EFBC}") = "Tyuiu.KomkovAA.Sprint3.Task7.V10.Test", "Tyuiu.KomkovAA.Sprint3.Task7.V10.Test\Tyuiu.KomkovAA.Sprint3.Task7.V10.Test.csproj", "{A69E727F-6642-457C-A16E-4DA7355FB6E4}"
EndProject
Global
	GlobalSection(SolutionConfigurationPlatforms) = preSolution
		Debug|Any CPU = Debug|Any CPU
		Release|Any CPU = Release|Any CPU
	EndGlobalSection
	GlobalSection(ProjectConfigurationPlatforms) = postSolution
		{1C7B288E-C710-4CAD-B7C6-74371C4E69D7}.Debug|Any CPU.ActiveCfg = Debug|Any CPU
		{1C7B288E-C710-4CAD-B7C6-74371C4E69D7}.Debug|Any CPU.Build.0 = Debug|Any CPU
		{1C7B288E-C710-4CAD-B7C6-74371C4E69D7}.Release|Any CPU.ActiveCfg = Release|Any CPU
		{1C7B288E-C710-4CAD-B7C6-74371C4E69D7}.Release|Any CPU.Build.0 = Release|Any CPU
		{221B62A5-51BA-4EB7-A0D1-C8FEEDEC854D}.Debug|Any CPU.ActiveCfg = Debug|Any CPU
		{221B62A5-51BA-4EB7-A0D1-C8FEEDEC854D}.Debug|Any CPU.Build.0 = Debug|Any CPU
		{221B62A5-51BA-4EB7-A0D1-C8FEEDEC854D}.Release|Any CPU.ActiveCfg = Release|Any CPU
		{221B62A5-51BA-4EB7-A0D1-C8FEEDEC854D}.Release|Any CPU.Build.0 = Release|Any CPU
		{17EE9683-5918-4791-AC7C-F9612270BC39}.Debug|Any CPU.ActiveCfg = Debug|Any CPU
		{17EE9683-5918-4791-AC7C-F9612270BC39}.Debug|Any CPU.Build.0 = Debug|Any CPU
		{17EE9683-5918-4791-AC7C-F9612270BC39}.Release|Any CPU.ActiveCfg = Release|Any CPU
		{17EE9683-5918-4791-AC7C-F9612270BC39}.Release|Any CPU.Build.0 = Release|Any CPU
		{03194B2B-F5FA-47A6-8F3A-60ECFE5F9310}.Debug|Any CPU.ActiveCfg = Debug|Any CPU
		{03194B2B-F5FA-47A6-8F3A-60ECFE5F9310}.Debug|Any CPU.Build.0 = Debug|Any CPU
		{03194B2B-F5FA-47A6-8F3A-60ECFE5F9310}.Release|Any CPU.ActiveCfg = Release|Any CPU
		{03194B2B-F5FA-47A6-8F3A-60ECFE5F9310}.Release|Any CPU.Build.0 = Release|Any CPU
		{35E82BCA-3D0D-4691-B0CC-89C0049800CD}.Debug|Any CPU.ActiveCfg = Debug|Any CPU
		{35E82BCA-3D0D-4691-B0CC-89C0049800CD}.Debug|Any CPU.Build.0 = Debug|Any CPU
		{35E82BCA-3D0D-4691-B0CC-89C0049800CD}.Release|Any CPU.ActiveCfg = Release|Any CPU
		{35E82BCA-3D0D-4691-B0CC-89C0049800CD}.Release|Any CPU.Build.0 = Release|Any CPU
		{0C7D1572-156F-4C1B-9A26-B68680DD767A}.Debug|Any CPU.ActiveCfg = Debug|Any CPU
		{0C7D1572-156F-4C1B-9A26-B68680DD767A}.Debug|Any CPU.Build.0 = Debug|Any CPU
		{0C7D1572-156F-4C1B-9A26-B68680DD767A}.Release|Any CPU.ActiveCfg = Release|Any CPU
		{0C7D1572-156F-4C1B-9A26-B68680DD767A}.Release|Any CPU.Build.0 = Release|Any CPU
		{809A5DE7-1F12-4A0B-8D7E-06B4DDFBA6D0}.Debug|Any CPU.ActiveCfg = Debug|Any CPU
		{809A5DE7-1F12-4A0B-8D7E-06B4DDFBA6D0}.Debug|Any CPU.Build.0 = Debug|Any CPU
		{809A5DE7-1F12-4A0B-8D7E-06B4DDFBA6D0}.Release|Any CPU.ActiveCfg = Release|Any CPU
		{809A5DE7-1F12-4A0B-8D7E-06B4DDFBA6D0}.Release|Any CPU.Build.0 = Release|Any CPU
		{2DD8B318-D34B-4872-9998-41FCC29D2529}.Debug|Any CPU.ActiveCfg = Debug|Any CPU
		{2DD8B318-D34B-4872-9998-41FCC29D2529}.Debug|Any CPU.Build.0 = Debug|Any CPU
		{2DD8B318-D34B-4872-9998-41FCC29D2529}.Release|Any CPU.ActiveCfg = Release|Any CPU
		{2DD8B318-D34B-4872-9998-41FCC29D2529}.Release|Any CPU.Build.0 = Release|Any CPU
		{A2E364DF-F5F0-4709-A524-14C521D31827}.Debug|Any CPU.ActiveCfg = Debug|Any CPU
		{A2E364DF-F5F0-4709-A524-14C521D31827}.Debug|Any CPU.Build.0 = Debug|Any CPU
		{A2E364DF-F5F0-4709-A524-14C521D31827}.Release|Any CPU.ActiveCfg = Release|Any CPU
		{A2E364DF-F5F0-4709-A524-14C521D31827}.Release|Any CPU.Build.0 = Release|Any CPU
		{96AB70FE-DA72-4345-B201-DB9E4463CE8A}.Debug|Any CPU.ActiveCfg = Debug|Any CPU
		{96AB70FE-DA72-4345-B201-DB9E4463CE8A}.Debug|Any CPU.Build.0 = Debug|Any CPU
		{96AB70FE-DA72-4345-B201-DB9E4463CE8A}.Release|Any CPU.ActiveCfg = Release|Any CPU
		{96AB70FE-DA72-4345-B201-DB9E4463CE8A}.Release|Any CPU.Build.0 = Release|Any CPU
		{836FC483-3D65-4D53-AE4A-342B56C616E7}.Debug|Any CPU.ActiveCfg = Debug|Any CPU
		{836FC483-3D65-4D53-AE4A-342B56C616E7}.Debug|Any CPU.Build.0 = Debug|Any CPU
		{836FC483-3D65-4D53-AE4A-342B56C616E7}.Release|Any CPU.ActiveCfg = Release|Any CPU
		{836FC483-3D65-4D53-AE4A-342B56C616E7}.Release|Any CPU.Build.0 = Release|Any CPU
		{48B9E4D9-72AB-4F81-9A34-2E7ADB03474A}.Debug|Any CPU.ActiveCfg = Debug|Any CPU
		{48B9E4D9-72AB-4F81-9A34-2E7ADB03474A}.Debug|Any CPU.Build.0 = Debug|Any CPU
		{48B9E4D9-72AB-4F81-9A34-2E7ADB03474A}.Release|Any CPU.ActiveCfg = Release|Any CPU
		{48B9E4D9-72AB-4F81-9A34-2E7ADB03474A}.Release|Any CPU.Build.0 = Release|Any CPU
		{631A046D-6D51-4402-A692-72C5CA2938F9}.Debug|Any CPU.ActiveCfg = Debug|Any CPU
		{631A046D-6D51-4402-A692-72C5CA2938F9}.Debug|Any CPU.Build.0 = Debug|Any CPU
		{631A046D-6D51-4402-A692-72C5CA2938F9}.Release|Any CPU.ActiveCfg = Release|Any CPU
		{631A046D-6D51-4402-A692-72C5CA2938F9}.Release|Any CPU.Build.0 = Release|Any CPU
		{AD2CE791-579F-43ED-96B3-60EE9AF20F1D}.Debug|Any CPU.ActiveCfg = Debug|Any CPU
		{AD2CE791-579F-43ED-96B3-60EE9AF20F1D}.Debug|Any CPU.Build.0 = Debug|Any CPU
		{AD2CE791-579F-43ED-96B3-60EE9AF20F1D}.Release|Any CPU.ActiveCfg = Release|Any CPU
		{AD2CE791-579F-43ED-96B3-60EE9AF20F1D}.Release|Any CPU.Build.0 = Release|Any CPU
		{9A5888DF-9FA7-4D8B-9806-9A97AC1A2EF2}.Debug|Any CPU.ActiveCfg = Debug|Any CPU
		{9A5888DF-9FA7-4D8B-9806-9A97AC1A2EF2}.Debug|Any CPU.Build.0 = Debug|Any CPU
		{9A5888DF-9FA7-4D8B-9806-9A97AC1A2EF2}.Release|Any CPU.ActiveCfg = Release|Any CPU
		{9A5888DF-9FA7-4D8B-9806-9A97AC1A2EF2}.Release|Any CPU.Build.0 = Release|Any CPU
		{82C392FE-3218-413C-B07E-C08CD8D7995D}.Debug|Any CPU.ActiveCfg = Debug|Any CPU
		{82C392FE-3218-413C-B07E-C08CD8D7995D}.Debug|Any CPU.Build.0 = Debug|Any CPU
		{82C392FE-3218-413C-B07E-C08CD8D7995D}.Release|Any CPU.ActiveCfg = Release|Any CPU
		{82C392FE-3218-413C-B07E-C08CD8D7995D}.Release|Any CPU.Build.0 = Release|Any CPU
		{7DE17B6D-BF05-4DA6-8EFD-DF02F6760019}.Debug|Any CPU.ActiveCfg = Debug|Any CPU
		{7DE17B6D-BF05-4DA6-8EFD-DF02F6760019}.Debug|Any CPU.Build.0 = Debug|Any CPU
		{7DE17B6D-BF05-4DA6-8EFD-DF02F6760019}.Release|Any CPU.ActiveCfg = Release|Any CPU
		{7DE17B6D-BF05-4DA6-8EFD-DF02F6760019}.Release|Any CPU.Build.0 = Release|Any CPU
		{1BCF5AEA-E1D3-4584-8AEC-47AE5BE85D5A}.Debug|Any CPU.ActiveCfg = Debug|Any CPU
		{1BCF5AEA-E1D3-4584-8AEC-47AE5BE85D5A}.Debug|Any CPU.Build.0 = Debug|Any CPU
		{1BCF5AEA-E1D3-4584-8AEC-47AE5BE85D5A}.Release|Any CPU.ActiveCfg = Release|Any CPU
		{1BCF5AEA-E1D3-4584-8AEC-47AE5BE85D5A}.Release|Any CPU.Build.0 = Release|Any CPU
		{7E7A4411-50D6-4958-BCD4-62E33926667D}.Debug|Any CPU.ActiveCfg = Debug|Any CPU
		{7E7A4411-50D6-4958-BCD4-62E33926667D}.Debug|Any CPU.Build.0 = Debug|Any CPU
		{7E7A4411-50D6-4958-BCD4-62E33926667D}.Release|Any CPU.ActiveCfg = Release|Any CPU
		{7E7A4411-50D6-4958-BCD4-62E33926667D}.Release|Any CPU.Build.0 = Release|Any CPU
		{6C59E07F-9118-42DB-B37E-1C10BB7829DE}.Debug|Any CPU.ActiveCfg = Debug|Any CPU
		{6C59E07F-9118-42DB-B37E-1C10BB7829DE}.Debug|Any CPU.Build.0 = Debug|Any CPU
		{6C59E07F-9118-42DB-B37E-1C10BB7829DE}.Release|Any CPU.ActiveCfg = Release|Any CPU
		{6C59E07F-9118-42DB-B37E-1C10BB7829DE}.Release|Any CPU.Build.0 = Release|Any CPU
		{5C3087A9-C311-4986-84C3-B95F833B478A}.Debug|Any CPU.ActiveCfg = Debug|Any CPU
		{5C3087A9-C311-4986-84C3-B95F833B478A}.Debug|Any CPU.Build.0 = Debug|Any CPU
		{5C3087A9-C311-4986-84C3-B95F833B478A}.Release|Any CPU.ActiveCfg = Release|Any CPU
		{5C3087A9-C311-4986-84C3-B95F833B478A}.Release|Any CPU.Build.0 = Release|Any CPU
		{82F6207D-5683-4429-AE91-814E75B78B6B}.Debug|Any CPU.ActiveCfg = Debug|Any CPU
		{82F6207D-5683-4429-AE91-814E75B78B6B}.Debug|Any CPU.Build.0 = Debug|Any CPU
		{82F6207D-5683-4429-AE91-814E75B78B6B}.Release|Any CPU.ActiveCfg = Release|Any CPU
		{82F6207D-5683-4429-AE91-814E75B78B6B}.Release|Any CPU.Build.0 = Release|Any CPU
		{D62BA929-5C66-488B-8640-98C36B900BC9}.Debug|Any CPU.ActiveCfg = Debug|Any CPU
		{D62BA929-5C66-488B-8640-98C36B900BC9}.Debug|Any CPU.Build.0 = Debug|Any CPU
		{D62BA929-5C66-488B-8640-98C36B900BC9}.Release|Any CPU.ActiveCfg = Release|Any CPU
		{D62BA929-5C66-488B-8640-98C36B900BC9}.Release|Any CPU.Build.0 = Release|Any CPU
		{B419E469-867F-4CA8-8767-0C1A4059621C}.Debug|Any CPU.ActiveCfg = Debug|Any CPU
		{B419E469-867F-4CA8-8767-0C1A4059621C}.Debug|Any CPU.Build.0 = Debug|Any CPU
		{B419E469-867F-4CA8-8767-0C1A4059621C}.Release|Any CPU.ActiveCfg = Release|Any CPU
		{B419E469-867F-4CA8-8767-0C1A4059621C}.Release|Any CPU.Build.0 = Release|Any CPU
		{A69E727F-6642-457C-A16E-4DA7355FB6E4}.Debug|Any CPU.ActiveCfg = Debug|Any CPU
		{A69E727F-6642-457C-A16E-4DA7355FB6E4}.Debug|Any CPU.Build.0 = Debug|Any CPU
		{A69E727F-6642-457C-A16E-4DA7355FB6E4}.Release|Any CPU.ActiveCfg = Release|Any CPU
		{A69E727F-6642-457C-A16E-4DA7355FB6E4}.Release|Any CPU.Build.0 = Release|Any CPU
	EndGlobalSection
	GlobalSection(SolutionProperties) = preSolution
		HideSolutionNode = FALSE
	EndGlobalSection
	GlobalSection(NestedProjects) = preSolution
		{221B62A5-51BA-4EB7-A0D1-C8FEEDEC854D} = {02EA681E-C7D8-13C7-8484-4AC65E1B71E8}
		{17EE9683-5918-4791-AC7C-F9612270BC39} = {02EA681E-C7D8-13C7-8484-4AC65E1B71E8}
		{03194B2B-F5FA-47A6-8F3A-60ECFE5F9310} = {02EA681E-C7D8-13C7-8484-4AC65E1B71E8}
		{35E82BCA-3D0D-4691-B0CC-89C0049800CD} = {53B18541-8561-4436-87B9-9821C1FC93B6}
		{0C7D1572-156F-4C1B-9A26-B68680DD767A} = {53B18541-8561-4436-87B9-9821C1FC93B6}
		{809A5DE7-1F12-4A0B-8D7E-06B4DDFBA6D0} = {53B18541-8561-4436-87B9-9821C1FC93B6}
		{2DD8B318-D34B-4872-9998-41FCC29D2529} = {32EADF45-D2E2-43EE-9A43-2CB79ED5B9E1}
		{A2E364DF-F5F0-4709-A524-14C521D31827} = {32EADF45-D2E2-43EE-9A43-2CB79ED5B9E1}
		{96AB70FE-DA72-4345-B201-DB9E4463CE8A} = {32EADF45-D2E2-43EE-9A43-2CB79ED5B9E1}
		{836FC483-3D65-4D53-AE4A-342B56C616E7} = {A9EA5BC8-2BE6-44D9-A7AE-6438A7EC75F7}
		{48B9E4D9-72AB-4F81-9A34-2E7ADB03474A} = {A9EA5BC8-2BE6-44D9-A7AE-6438A7EC75F7}
		{631A046D-6D51-4402-A692-72C5CA2938F9} = {A9EA5BC8-2BE6-44D9-A7AE-6438A7EC75F7}
		{AD2CE791-579F-43ED-96B3-60EE9AF20F1D} = {3CFE1C43-D49A-4078-B872-EEA4DF225791}
		{9A5888DF-9FA7-4D8B-9806-9A97AC1A2EF2} = {3CFE1C43-D49A-4078-B872-EEA4DF225791}
		{82C392FE-3218-413C-B07E-C08CD8D7995D} = {3CFE1C43-D49A-4078-B872-EEA4DF225791}
		{7DE17B6D-BF05-4DA6-8EFD-DF02F6760019} = {44A3D105-AF98-4D43-86F2-AFF1A53BD8AB}
		{1BCF5AEA-E1D3-4584-8AEC-47AE5BE85D5A} = {44A3D105-AF98-4D43-86F2-AFF1A53BD8AB}
		{7E7A4411-50D6-4958-BCD4-62E33926667D} = {44A3D105-AF98-4D43-86F2-AFF1A53BD8AB}
		{6C59E07F-9118-42DB-B37E-1C10BB7829DE} = {4858A7AF-5E36-465D-B439-56A45B5C0630}
		{5C3087A9-C311-4986-84C3-B95F833B478A} = {4858A7AF-5E36-465D-B439-56A45B5C0630}
		{82F6207D-5683-4429-AE91-814E75B78B6B} = {4858A7AF-5E36-465D-B439-56A45B5C0630}
		{D62BA929-5C66-488B-8640-98C36B900BC9} = {D4745370-B402-4D20-A02E-85B80B7B41EF}
		{B419E469-867F-4CA8-8767-0C1A4059621C} = {D4745370-B402-4D20-A02E-85B80B7B41EF}
		{A69E727F-6642-457C-A16E-4DA7355FB6E4} = {D4745370-B402-4D20-A02E-85B80B7B41EF}
	EndGlobalSection
	GlobalSection(ExtensibilityGlobals) = postSolution
		SolutionGuid = {F8B3A644-CCFC-483D-AF41-0B2E457E183A}
	EndGlobalSection
EndGlobal
